// !$*UTF8*$!
{
	archiveVersion = 1;
	classes = {
	};
	objectVersion = 56;
	objects = {

/* Begin PBXBuildFile section */
		8AA4826029CC8B950029657F /* OpenAISwift in Frameworks */ = {isa = PBXBuildFile; productRef = 8AA4825F29CC8B950029657F /* OpenAISwift */; };
		8AB4EFFC29C88C6E00021E12 /* AppDelegate.swift in Sources */ = {isa = PBXBuildFile; fileRef = 8AB4EFFB29C88C6E00021E12 /* AppDelegate.swift */; };
		8AB4EFFE29C88C6E00021E12 /* SceneDelegate.swift in Sources */ = {isa = PBXBuildFile; fileRef = 8AB4EFFD29C88C6E00021E12 /* SceneDelegate.swift */; };
		8AB4F00029C88C6E00021E12 /* ViewController.swift in Sources */ = {isa = PBXBuildFile; fileRef = 8AB4EFFF29C88C6E00021E12 /* ViewController.swift */; };
		8AB4F00529C88C6F00021E12 /* Assets.xcassets in Resources */ = {isa = PBXBuildFile; fileRef = 8AB4F00429C88C6F00021E12 /* Assets.xcassets */; };
		8AB4F00829C88C6F00021E12 /* LaunchScreen.storyboard in Resources */ = {isa = PBXBuildFile; fileRef = 8AB4F00629C88C6F00021E12 /* LaunchScreen.storyboard */; };
		8AB4F01129C88D0600021E12 /* SnapKit in Frameworks */ = {isa = PBXBuildFile; productRef = 8AB4F01029C88D0600021E12 /* SnapKit */; };
		8AB4F01729C88D7300021E12 /* MainViewModel.swift in Sources */ = {isa = PBXBuildFile; fileRef = 8AB4F01629C88D7300021E12 /* MainViewModel.swift */; };
		8AB4F01C29C88E3700021E12 /* Extension.swift in Sources */ = {isa = PBXBuildFile; fileRef = 8AB4F01B29C88E3700021E12 /* Extension.swift */; };
		8AB4F02029C89EC100021E12 /* ChatGPTAPIService.swift in Sources */ = {isa = PBXBuildFile; fileRef = 8AB4F01F29C89EC100021E12 /* ChatGPTAPIService.swift */; };
/* End PBXBuildFile section */

/* Begin PBXFileReference section */
		8AB4EFF829C88C6E00021E12 /* GPTTranslator.app */ = {isa = PBXFileReference; explicitFileType = wrapper.application; includeInIndex = 0; path = GPTTranslator.app; sourceTree = BUILT_PRODUCTS_DIR; };
		8AB4EFFB29C88C6E00021E12 /* AppDelegate.swift */ = {isa = PBXFileReference; lastKnownFileType = sourcecode.swift; path = AppDelegate.swift; sourceTree = "<group>"; };
		8AB4EFFD29C88C6E00021E12 /* SceneDelegate.swift */ = {isa = PBXFileReference; lastKnownFileType = sourcecode.swift; path = SceneDelegate.swift; sourceTree = "<group>"; };
		8AB4EFFF29C88C6E00021E12 /* ViewController.swift */ = {isa = PBXFileReference; lastKnownFileType = sourcecode.swift; path = ViewController.swift; sourceTree = "<group>"; };
		8AB4F00429C88C6F00021E12 /* Assets.xcassets */ = {isa = PBXFileReference; lastKnownFileType = folder.assetcatalog; path = Assets.xcassets; sourceTree = "<group>"; };
		8AB4F00729C88C6F00021E12 /* Base */ = {isa = PBXFileReference; lastKnownFileType = file.storyboard; name = Base; path = Base.lproj/LaunchScreen.storyboard; sourceTree = "<group>"; };
		8AB4F00929C88C6F00021E12 /* Info.plist */ = {isa = PBXFileReference; lastKnownFileType = text.plist.xml; path = Info.plist; sourceTree = "<group>"; };
		8AB4F01629C88D7300021E12 /* MainViewModel.swift */ = {isa = PBXFileReference; lastKnownFileType = sourcecode.swift; path = MainViewModel.swift; sourceTree = "<group>"; };
		8AB4F01B29C88E3700021E12 /* Extension.swift */ = {isa = PBXFileReference; lastKnownFileType = sourcecode.swift; path = Extension.swift; sourceTree = "<group>"; };
		8AB4F01F29C89EC100021E12 /* ChatGPTAPIService.swift */ = {isa = PBXFileReference; lastKnownFileType = sourcecode.swift; path = ChatGPTAPIService.swift; sourceTree = "<group>"; };
/* End PBXFileReference section */

/* Begin PBXFrameworksBuildPhase section */
		8AB4EFF529C88C6E00021E12 /* Frameworks */ = {
			isa = PBXFrameworksBuildPhase;
			buildActionMask = 2147483647;
			files = (
				8AA4826029CC8B950029657F /* OpenAISwift in Frameworks */,
				8AB4F01129C88D0600021E12 /* SnapKit in Frameworks */,
			);
			runOnlyForDeploymentPostprocessing = 0;
		};
/* End PBXFrameworksBuildPhase section */

/* Begin PBXGroup section */
		8AB4EFEF29C88C6E00021E12 = {
			isa = PBXGroup;
			children = (
				8AB4EFFA29C88C6E00021E12 /* GPTTranslator */,
				8AB4EFF929C88C6E00021E12 /* Products */,
			);
			sourceTree = "<group>";
		};
		8AB4EFF929C88C6E00021E12 /* Products */ = {
			isa = PBXGroup;
			children = (
				8AB4EFF829C88C6E00021E12 /* GPTTranslator.app */,
			);
			name = Products;
			sourceTree = "<group>";
		};
		8AB4EFFA29C88C6E00021E12 /* GPTTranslator */ = {
			isa = PBXGroup;
			children = (
				8AB4F01D29C8914700021E12 /* Managers */,
				8AB4F01A29C88E2700021E12 /* Extensions */,
				8AB4F01529C88D6400021E12 /* ViewModels */,
				8AB4F01829C88D8600021E12 /* Resources */,
				8AB4F01929C88D9400021E12 /* Views */,
				8AB4F00929C88C6F00021E12 /* Info.plist */,
			);
			path = GPTTranslator;
			sourceTree = "<group>";
		};
		8AB4F01529C88D6400021E12 /* ViewModels */ = {
			isa = PBXGroup;
			children = (
				8AB4F01629C88D7300021E12 /* MainViewModel.swift */,
			);
			path = ViewModels;
			sourceTree = "<group>";
		};
		8AB4F01829C88D8600021E12 /* Resources */ = {
			isa = PBXGroup;
			children = (
				8AB4EFFB29C88C6E00021E12 /* AppDelegate.swift */,
				8AB4EFFD29C88C6E00021E12 /* SceneDelegate.swift */,
				8AB4F00429C88C6F00021E12 /* Assets.xcassets */,
				8AB4F00629C88C6F00021E12 /* LaunchScreen.storyboard */,
			);
			path = Resources;
			sourceTree = "<group>";
		};
		8AB4F01929C88D9400021E12 /* Views */ = {
			isa = PBXGroup;
			children = (
				8AB4EFFF29C88C6E00021E12 /* ViewController.swift */,
			);
			path = Views;
			sourceTree = "<group>";
		};
		8AB4F01A29C88E2700021E12 /* Extensions */ = {
			isa = PBXGroup;
			children = (
				8AB4F01B29C88E3700021E12 /* Extension.swift */,
			);
			path = Extensions;
			sourceTree = "<group>";
		};
		8AB4F01D29C8914700021E12 /* Managers */ = {
			isa = PBXGroup;
			children = (
				8AB4F01F29C89EC100021E12 /* ChatGPTAPIService.swift */,
			);
			path = Managers;
			sourceTree = "<group>";
		};
/* End PBXGroup section */

/* Begin PBXNativeTarget section */
		8AB4EFF729C88C6E00021E12 /* GPTTranslator */ = {
			isa = PBXNativeTarget;
			buildConfigurationList = 8AB4F00C29C88C6F00021E12 /* Build configuration list for PBXNativeTarget "GPTTranslator" */;
			buildPhases = (
				8AB4EFF429C88C6E00021E12 /* Sources */,
				8AB4EFF529C88C6E00021E12 /* Frameworks */,
				8AB4EFF629C88C6E00021E12 /* Resources */,
			);
			buildRules = (
			);
			dependencies = (
			);
			name = GPTTranslator;
			packageProductDependencies = (
				8AB4F01029C88D0600021E12 /* SnapKit */,
				8AA4825F29CC8B950029657F /* OpenAISwift */,
			);
			productName = GPTTranslator;
			productReference = 8AB4EFF829C88C6E00021E12 /* GPTTranslator.app */;
			productType = "com.apple.product-type.application";
		};
/* End PBXNativeTarget section */

/* Begin PBXProject section */
		8AB4EFF029C88C6E00021E12 /* Project object */ = {
			isa = PBXProject;
			attributes = {
				BuildIndependentTargetsInParallel = 1;
				LastSwiftUpdateCheck = 1410;
				LastUpgradeCheck = 1410;
				TargetAttributes = {
					8AB4EFF729C88C6E00021E12 = {
						CreatedOnToolsVersion = 14.1;
					};
				};
			};
			buildConfigurationList = 8AB4EFF329C88C6E00021E12 /* Build configuration list for PBXProject "GPTTranslator" */;
			compatibilityVersion = "Xcode 14.0";
			developmentRegion = en;
			hasScannedForEncodings = 0;
			knownRegions = (
				en,
				Base,
			);
			mainGroup = 8AB4EFEF29C88C6E00021E12;
			packageReferences = (
				8AB4F00F29C88D0600021E12 /* XCRemoteSwiftPackageReference "SnapKit" */,
				8AA4825E29CC8B950029657F /* XCRemoteSwiftPackageReference "OpenAISwift" */,
			);
			productRefGroup = 8AB4EFF929C88C6E00021E12 /* Products */;
			projectDirPath = "";
			projectRoot = "";
			targets = (
				8AB4EFF729C88C6E00021E12 /* GPTTranslator */,
			);
		};
/* End PBXProject section */

/* Begin PBXResourcesBuildPhase section */
		8AB4EFF629C88C6E00021E12 /* Resources */ = {
			isa = PBXResourcesBuildPhase;
			buildActionMask = 2147483647;
			files = (
				8AB4F00829C88C6F00021E12 /* LaunchScreen.storyboard in Resources */,
				8AB4F00529C88C6F00021E12 /* Assets.xcassets in Resources */,
			);
			runOnlyForDeploymentPostprocessing = 0;
		};
/* End PBXResourcesBuildPhase section */

/* Begin PBXSourcesBuildPhase section */
		8AB4EFF429C88C6E00021E12 /* Sources */ = {
			isa = PBXSourcesBuildPhase;
			buildActionMask = 2147483647;
			files = (
				8AB4F01729C88D7300021E12 /* MainViewModel.swift in Sources */,
				8AB4F00029C88C6E00021E12 /* ViewController.swift in Sources */,
				8AB4F01C29C88E3700021E12 /* Extension.swift in Sources */,
				8AB4EFFC29C88C6E00021E12 /* AppDelegate.swift in Sources */,
				8AB4F02029C89EC100021E12 /* ChatGPTAPIService.swift in Sources */,
				8AB4EFFE29C88C6E00021E12 /* SceneDelegate.swift in Sources */,
			);
			runOnlyForDeploymentPostprocessing = 0;
		};
/* End PBXSourcesBuildPhase section */

/* Begin PBXVariantGroup section */
		8AB4F00629C88C6F00021E12 /* LaunchScreen.storyboard */ = {
			isa = PBXVariantGroup;
			children = (
				8AB4F00729C88C6F00021E12 /* Base */,
			);
			name = LaunchScreen.storyboard;
			sourceTree = "<group>";
		};
/* End PBXVariantGroup section */

/* Begin XCBuildConfiguration section */
		8AB4F00A29C88C6F00021E12 /* Debug */ = {
			isa = XCBuildConfiguration;
			buildSettings = {
				ALWAYS_SEARCH_USER_PATHS = NO;
				CLANG_ANALYZER_NONNULL = YES;
				CLANG_ANALYZER_NUMBER_OBJECT_CONVERSION = YES_AGGRESSIVE;
				CLANG_CXX_LANGUAGE_STANDARD = "gnu++20";
				CLANG_ENABLE_MODULES = YES;
				CLANG_ENABLE_OBJC_ARC = YES;
				CLANG_ENABLE_OBJC_WEAK = YES;
				CLANG_WARN_BLOCK_CAPTURE_AUTORELEASING = YES;
				CLANG_WARN_BOOL_CONVERSION = YES;
				CLANG_WARN_COMMA = YES;
				CLANG_WARN_CONSTANT_CONVERSION = YES;
				CLANG_WARN_DEPRECATED_OBJC_IMPLEMENTATIONS = YES;
				CLANG_WARN_DIRECT_OBJC_ISA_USAGE = YES_ERROR;
				CLANG_WARN_DOCUMENTATION_COMMENTS = YES;
				CLANG_WARN_EMPTY_BODY = YES;
				CLANG_WARN_ENUM_CONVERSION = YES;
				CLANG_WARN_INFINITE_RECURSION = YES;
				CLANG_WARN_INT_CONVERSION = YES;
				CLANG_WARN_NON_LITERAL_NULL_CONVERSION = YES;
				CLANG_WARN_OBJC_IMPLICIT_RETAIN_SELF = YES;
				CLANG_WARN_OBJC_LITERAL_CONVERSION = YES;
				CLANG_WARN_OBJC_ROOT_CLASS = YES_ERROR;
				CLANG_WARN_QUOTED_INCLUDE_IN_FRAMEWORK_HEADER = YES;
				CLANG_WARN_RANGE_LOOP_ANALYSIS = YES;
				CLANG_WARN_STRICT_PROTOTYPES = YES;
				CLANG_WARN_SUSPICIOUS_MOVE = YES;
				CLANG_WARN_UNGUARDED_AVAILABILITY = YES_AGGRESSIVE;
				CLANG_WARN_UNREACHABLE_CODE = YES;
				CLANG_WARN__DUPLICATE_METHOD_MATCH = YES;
				COPY_PHASE_STRIP = NO;
				DEBUG_INFORMATION_FORMAT = dwarf;
				ENABLE_STRICT_OBJC_MSGSEND = YES;
				ENABLE_TESTABILITY = YES;
				GCC_C_LANGUAGE_STANDARD = gnu11;
				GCC_DYNAMIC_NO_PIC = NO;
				GCC_NO_COMMON_BLOCKS = YES;
				GCC_OPTIMIZATION_LEVEL = 0;
				GCC_PREPROCESSOR_DEFINITIONS = (
					"DEBUG=1",
					"$(inherited)",
				);
				GCC_WARN_64_TO_32_BIT_CONVERSION = YES;
				GCC_WARN_ABOUT_RETURN_TYPE = YES_ERROR;
				GCC_WARN_UNDECLARED_SELECTOR = YES;
				GCC_WARN_UNINITIALIZED_AUTOS = YES_AGGRESSIVE;
				GCC_WARN_UNUSED_FUNCTION = YES;
				GCC_WARN_UNUSED_VARIABLE = YES;
				IPHONEOS_DEPLOYMENT_TARGET = 16.1;
				MTL_ENABLE_DEBUG_INFO = INCLUDE_SOURCE;
				MTL_FAST_MATH = YES;
				ONLY_ACTIVE_ARCH = YES;
				SDKROOT = iphoneos;
				SWIFT_ACTIVE_COMPILATION_CONDITIONS = DEBUG;
				SWIFT_OPTIMIZATION_LEVEL = "-Onone";
			};
			name = Debug;
		};
		8AB4F00B29C88C6F00021E12 /* Release */ = {
			isa = XCBuildConfiguration;
			buildSettings = {
				ALWAYS_SEARCH_USER_PATHS = NO;
				CLANG_ANALYZER_NONNULL = YES;
				CLANG_ANALYZER_NUMBER_OBJECT_CONVERSION = YES_AGGRESSIVE;
				CLANG_CXX_LANGUAGE_STANDARD = "gnu++20";
				CLANG_ENABLE_MODULES = YES;
				CLANG_ENABLE_OBJC_ARC = YES;
				CLANG_ENABLE_OBJC_WEAK = YES;
				CLANG_WARN_BLOCK_CAPTURE_AUTORELEASING = YES;
				CLANG_WARN_BOOL_CONVERSION = YES;
				CLANG_WARN_COMMA = YES;
				CLANG_WARN_CONSTANT_CONVERSION = YES;
				CLANG_WARN_DEPRECATED_OBJC_IMPLEMENTATIONS = YES;
				CLANG_WARN_DIRECT_OBJC_ISA_USAGE = YES_ERROR;
				CLANG_WARN_DOCUMENTATION_COMMENTS = YES;
				CLANG_WARN_EMPTY_BODY = YES;
				CLANG_WARN_ENUM_CONVERSION = YES;
				CLANG_WARN_INFINITE_RECURSION = YES;
				CLANG_WARN_INT_CONVERSION = YES;
				CLANG_WARN_NON_LITERAL_NULL_CONVERSION = YES;
				CLANG_WARN_OBJC_IMPLICIT_RETAIN_SELF = YES;
				CLANG_WARN_OBJC_LITERAL_CONVERSION = YES;
				CLANG_WARN_OBJC_ROOT_CLASS = YES_ERROR;
				CLANG_WARN_QUOTED_INCLUDE_IN_FRAMEWORK_HEADER = YES;
				CLANG_WARN_RANGE_LOOP_ANALYSIS = YES;
				CLANG_WARN_STRICT_PROTOTYPES = YES;
				CLANG_WARN_SUSPICIOUS_MOVE = YES;
				CLANG_WARN_UNGUARDED_AVAILABILITY = YES_AGGRESSIVE;
				CLANG_WARN_UNREACHABLE_CODE = YES;
				CLANG_WARN__DUPLICATE_METHOD_MATCH = YES;
				COPY_PHASE_STRIP = NO;
				DEBUG_INFORMATION_FORMAT = "dwarf-with-dsym";
				ENABLE_NS_ASSERTIONS = NO;
				ENABLE_STRICT_OBJC_MSGSEND = YES;
				GCC_C_LANGUAGE_STANDARD = gnu11;
				GCC_NO_COMMON_BLOCKS = YES;
				GCC_WARN_64_TO_32_BIT_CONVERSION = YES;
				GCC_WARN_ABOUT_RETURN_TYPE = YES_ERROR;
				GCC_WARN_UNDECLARED_SELECTOR = YES;
				GCC_WARN_UNINITIALIZED_AUTOS = YES_AGGRESSIVE;
				GCC_WARN_UNUSED_FUNCTION = YES;
				GCC_WARN_UNUSED_VARIABLE = YES;
				IPHONEOS_DEPLOYMENT_TARGET = 16.1;
				MTL_ENABLE_DEBUG_INFO = NO;
				MTL_FAST_MATH = YES;
				SDKROOT = iphoneos;
				SWIFT_COMPILATION_MODE = wholemodule;
				SWIFT_OPTIMIZATION_LEVEL = "-O";
				VALIDATE_PRODUCT = YES;
			};
			name = Release;
		};
		8AB4F00D29C88C6F00021E12 /* Debug */ = {
			isa = XCBuildConfiguration;
			buildSettings = {
				ASSETCATALOG_COMPILER_APPICON_NAME = AppIcon;
				ASSETCATALOG_COMPILER_GLOBAL_ACCENT_COLOR_NAME = AccentColor;
				CODE_SIGN_STYLE = Automatic;
				CURRENT_PROJECT_VERSION = 1;
				GENERATE_INFOPLIST_FILE = YES;
				INFOPLIST_FILE = GPTTranslator/Info.plist;
				INFOPLIST_KEY_UIApplicationSupportsIndirectInputEvents = YES;
				INFOPLIST_KEY_UILaunchStoryboardName = LaunchScreen;
				INFOPLIST_KEY_UISupportedInterfaceOrientations_iPad = "UIInterfaceOrientationPortrait UIInterfaceOrientationPortraitUpsideDown UIInterfaceOrientationLandscapeLeft UIInterfaceOrientationLandscapeRight";
				INFOPLIST_KEY_UISupportedInterfaceOrientations_iPhone = "UIInterfaceOrientationPortrait UIInterfaceOrientationLandscapeLeft UIInterfaceOrientationLandscapeRight";
				LD_RUNPATH_SEARCH_PATHS = (
					"$(inherited)",
					"@executable_path/Frameworks",
				);
				MARKETING_VERSION = 1.0;
				PRODUCT_BUNDLE_IDENTIFIER = com.mycompany.FirstApp.GPTTranslator;
				PRODUCT_NAME = "$(TARGET_NAME)";
				SWIFT_EMIT_LOC_STRINGS = YES;
				SWIFT_VERSION = 5.0;
				TARGETED_DEVICE_FAMILY = "1,2";
			};
			name = Debug;
		};
		8AB4F00E29C88C6F00021E12 /* Release */ = {
			isa = XCBuildConfiguration;
			buildSettings = {
				ASSETCATALOG_COMPILER_APPICON_NAME = AppIcon;
				ASSETCATALOG_COMPILER_GLOBAL_ACCENT_COLOR_NAME = AccentColor;
				CODE_SIGN_STYLE = Automatic;
				CURRENT_PROJECT_VERSION = 1;
				GENERATE_INFOPLIST_FILE = YES;
				INFOPLIST_FILE = GPTTranslator/Info.plist;
				INFOPLIST_KEY_UIApplicationSupportsIndirectInputEvents = YES;
				INFOPLIST_KEY_UILaunchStoryboardName = LaunchScreen;
				INFOPLIST_KEY_UISupportedInterfaceOrientations_iPad = "UIInterfaceOrientationPortrait UIInterfaceOrientationPortraitUpsideDown UIInterfaceOrientationLandscapeLeft UIInterfaceOrientationLandscapeRight";
				INFOPLIST_KEY_UISupportedInterfaceOrientations_iPhone = "UIInterfaceOrientationPortrait UIInterfaceOrientationLandscapeLeft UIInterfaceOrientationLandscapeRight";
				LD_RUNPATH_SEARCH_PATHS = (
					"$(inherited)",
					"@executable_path/Frameworks",
				);
				MARKETING_VERSION = 1.0;
				PRODUCT_BUNDLE_IDENTIFIER = com.mycompany.FirstApp.GPTTranslator;
				PRODUCT_NAME = "$(TARGET_NAME)";
				SWIFT_EMIT_LOC_STRINGS = YES;
				SWIFT_VERSION = 5.0;
				TARGETED_DEVICE_FAMILY = "1,2";
			};
			name = Release;
		};
/* End XCBuildConfiguration section */

/* Begin XCConfigurationList section */
		8AB4EFF329C88C6E00021E12 /* Build configuration list for PBXProject "GPTTranslator" */ = {
			isa = XCConfigurationList;
			buildConfigurations = (
				8AB4F00A29C88C6F00021E12 /* Debug */,
				8AB4F00B29C88C6F00021E12 /* Release */,
			);
			defaultConfigurationIsVisible = 0;
			defaultConfigurationName = Release;
		};
		8AB4F00C29C88C6F00021E12 /* Build configuration list for PBXNativeTarget "GPTTranslator" */ = {
			isa = XCConfigurationList;
			buildConfigurations = (
				8AB4F00D29C88C6F00021E12 /* Debug */,
				8AB4F00E29C88C6F00021E12 /* Release */,
			);
			defaultConfigurationIsVisible = 0;
			defaultConfigurationName = Release;
		};
/* End XCConfigurationList section */

/* Begin XCRemoteSwiftPackageReference section */
		8AA4825E29CC8B950029657F /* XCRemoteSwiftPackageReference "OpenAISwift" */ = {
			isa = XCRemoteSwiftPackageReference;
			repositoryURL = "https://github.com/adamrushy/OpenAISwift.git";
			requirement = {
				kind = upToNextMajorVersion;
				minimumVersion = 1.0.0;
			};
		};
		8AB4F00F29C88D0600021E12 /* XCRemoteSwiftPackageReference "SnapKit" */ = {
			isa = XCRemoteSwiftPackageReference;
			repositoryURL = "https://github.com/SnapKit/SnapKit.git";
			requirement = {
				kind = upToNextMajorVersion;
				minimumVersion = 5.0.0;
			};
		};
/* End XCRemoteSwiftPackageReference section */

/* Begin XCSwiftPackageProductDependency section */
		8AA4825F29CC8B950029657F /* OpenAISwift */ = {
			isa = XCSwiftPackageProductDependency;
			package = 8AA4825E29CC8B950029657F /* XCRemoteSwiftPackageReference "OpenAISwift" */;
			productName = OpenAISwift;
		};
		8AB4F01029C88D0600021E12 /* SnapKit */ = {
			isa = XCSwiftPackageProductDependency;
			package = 8AB4F00F29C88D0600021E12 /* XCRemoteSwiftPackageReference "SnapKit" */;
			productName = SnapKit;
		};
/* End XCSwiftPackageProductDependency section */
	};
	rootObject = 8AB4EFF029C88C6E00021E12 /* Project object */;
}
